
Microsoft Visual Studio Solution File, Format Version 12.00
# Visual Studio Version 17
VisualStudioVersion = 17.11.35327.3
MinimumVisualStudioVersion = 10.0.40219.1
Project("{FAE04EC0-301F-11D3-BF4B-00C04F79EFBC}") = "HelloWorld", "HelloWorld.csproj", "{AD2C3E80-BEB8-42B2-920A-165514CEE5F5}"
EndProject
Global
	GlobalSection(SolutionConfigurationPlatforms) = preSolution
		Debug|Any CPU = Debug|Any CPU
		Release|Any CPU = Release|Any CPU
	EndGlobalSection
	GlobalSection(ProjectConfigurationPlatforms) = postSolution
		{AD2C3E80-BEB8-42B2-920A-165514CEE5F5}.Debug|Any CPU.ActiveCfg = Debug|Any CPU
		{AD2C3E80-BEB8-42B2-920A-165514CEE5F5}.Debug|Any CPU.Build.0 = Debug|Any CPU
		{AD2C3E80-BEB8-42B2-920A-165514CEE5F5}.Release|Any CPU.ActiveCfg = Release|Any CPU
		{AD2C3E80-BEB8-42B2-920A-165514CEE5F5}.Release|Any CPU.Build.0 = Release|Any CPU
	EndGlobalSection
	GlobalSection(SolutionProperties) = preSolution
		HideSolutionNode = FALSE
	EndGlobalSection
	GlobalSection(ExtensibilityGlobals) = postSolution
		SolutionGuid = {342B2409-671B-498F-A10A-5A4BC6BD9349}
	EndGlobalSection
EndGlobal
